{
  "name": "aoc-solver",
  "requires": true,
  "lockfileVersion": 1,
  "dependencies": {
    "@types/qunit": {
      "version": "2.9.0",
      "resolved": "https://registry.npmjs.org/@types/qunit/-/qunit-2.9.0.tgz",
      "integrity": "sha512-Hx34HZmTJKRay+x3sFdEK62I8Z8YSWYg+rAlNr4M+AbwvNUJYxTTmWEH4a8B9ZN+Fl61awFrw+oRicWLFVugvQ==",
      "dev": true
    }
  }
}
